<?xml version="1.0" encoding="utf-8"?>
<Project ToolsVersion="4.0" xmlns="http://schemas.microsoft.com/developer/msbuild/2003">
  <ItemGroup>
    <Filter Include="Source Files">
      <UniqueIdentifier>{4FC737F1-C7A5-4376-A066-2A32D752A2FF}</UniqueIdentifier>
      <Extensions>cpp;c;cc;cxx;def;odl;idl;hpj;bat;asm;asmx</Extensions>
    </Filter>
    <Filter Include="Header Files">
      <UniqueIdentifier>{93995380-89BD-4b04-88EB-625FBE52EBFB}</UniqueIdentifier>
      <Extensions>h;hh;hpp;hxx;hm;inl;inc;ipp;xsd</Extensions>
    </Filter>
    <Filter Include="Resource Files">
      <UniqueIdentifier>{67DA6AB6-F800-4c08-8B7A-83BB121AAD01}</UniqueIdentifier>
      <Extensions>rc;ico;cur;bmp;dlg;rc2;rct;bin;rgs;gif;jpg;jpeg;jpe;resx;tiff;tif;png;wav;mfcribbon-ms</Extensions>
    </Filter>
    <Filter Include="Common">
      <UniqueIdentifier>{585067c3-3f74-4e50-9718-58e31c2a0f81}</UniqueIdentifier>
    </Filter>
    <Filter Include="Common\Header Files">
      <UniqueIdentifier>{cf6a4d22-9ae0-40ef-a1d9-fb98d27c46b7}</UniqueIdentifier>
    </Filter>
    <Filter Include="Common\Source Files">
      <UniqueIdentifier>{5408be86-c903-41f0-a8cf-742a134ad4a5}</UniqueIdentifier>
    </Filter>
  </ItemGroup>
  <ItemGroup>
    <ClInclude Include="framework.h">
      <Filter>Header Files</Filter>
    </ClInclude>
    <ClInclude Include="targetver.h">
      <Filter>Header Files</Filter>
    </ClInclude>
    <ClInclude Include="Resource.h">
      <Filter>Header Files</Filter>
    </ClInclude>
    <ClInclude Include="YipPreview.h">
      <Filter>Header Files</Filter>
    </ClInclude>
    <ClInclude Include="..\..\..\CommonSource\Logger.h">
      <Filter>Common\Header Files</Filter>
    </ClInclude>
    <ClInclude Include="..\..\..\CommonSource\Main.h">
      <Filter>Common\Header Files</Filter>
    </ClInclude>
    <ClInclude Include="..\..\..\CommonSource\ShellExecute.h">
      <Filter>Common\Header Files</Filter>
    </ClInclude>
    <ClInclude Include="..\..\..\CommonSource\Tryout.h">
      <Filter>Common\Header Files</Filter>
    </ClInclude>
    <ClInclude Include="..\..\..\CommonSource\Utilities.h">
      <Filter>Common\Header Files</Filter>
    </ClInclude>
    <ClInclude Include="..\..\..\CommonSource\CThread.h">
      <Filter>Common\Header Files</Filter>
    </ClInclude>
    <ClInclude Include="..\..\..\CommonSource\ImagePanel.h">
      <Filter>Common\Header Files</Filter>
    </ClInclude>
    <ClInclude Include="..\..\..\CommonSource\Constants.h">
      <Filter>Common\Header Files</Filter>
    </ClInclude>
    <ClInclude Include="..\..\..\CommonSource\MediaPreviewPlayer.h">
      <Filter>Common\Header Files</Filter>
    </ClInclude>
    <ClInclude Include="..\..\..\CommonSource\FileSet.h">
      <Filter>Common\Header Files</Filter>
    </ClInclude>
    <ClInclude Include="..\..\..\CommonSource\FileSetManager.h">
      <Filter>Common\Header Files</Filter>
    </ClInclude>
    <ClInclude Include="..\..\..\CommonSource\GridTable.h">
      <Filter>Common\Header Files</Filter>
    </ClInclude>
    <ClInclude Include="..\..\..\CommonSource\ImagesBrowser.h">
      <Filter>Common\Header Files</Filter>
    </ClInclude>
  </ItemGroup>
  <ItemGroup>
    <ClCompile Include="..\..\..\CommonSource\Logger.cpp">
      <Filter>Common\Source Files</Filter>
    </ClCompile>
    <ClCompile Include="..\..\..\CommonSource\Main.cpp">
      <Filter>Common\Source Files</Filter>
    </ClCompile>
    <ClCompile Include="..\..\..\CommonSource\ShellExecute.cpp">
      <Filter>Common\Source Files</Filter>
    </ClCompile>
    <ClCompile Include="..\..\..\CommonSource\Utilities.cpp">
      <Filter>Common\Source Files</Filter>
    </ClCompile>
    <ClCompile Include="..\..\..\CommonSource\Tryout.cpp">
      <Filter>Common\Source Files</Filter>
    </ClCompile>
    <ClCompile Include="..\..\..\CommonSource\CThread.cpp">
      <Filter>Common\Source Files</Filter>
    </ClCompile>
    <ClCompile Include="..\..\..\CommonSource\ImagePanel.cpp">
      <Filter>Common\Source Files</Filter>
    </ClCompile>
    <ClCompile Include="..\..\..\CommonSource\Constants.cpp">
      <Filter>Common\Source Files</Filter>
    </ClCompile>
    <ClCompile Include="..\..\..\CommonSource\MediaPreviewPlayer.cpp">
      <Filter>Common\Source Files</Filter>
    </ClCompile>
    <ClCompile Include="..\..\..\CommonSource\FileSet.cpp">
      <Filter>Common\Source Files</Filter>
    </ClCompile>
    <ClCompile Include="..\..\..\CommonSource\FileSetManager.cpp">
      <Filter>Common\Source Files</Filter>
    </ClCompile>
    <ClCompile Include="..\..\..\CommonSource\GridTable.cpp">
      <Filter>Common\Source Files</Filter>
    </ClCompile>
    <ClCompile Include="..\..\..\CommonSource\MainFunctions.cpp">
      <Filter>Common\Source Files</Filter>
    </ClCompile>
    <ClCompile Include="..\..\..\CommonSource\ImagesBrowser.cpp">
      <Filter>Common\Source Files</Filter>
    </ClCompile>
  </ItemGroup>
  <ItemGroup>
    <ResourceCompile Include="YipPreview.rc">
      <Filter>Resource Files</Filter>
    </ResourceCompile>
  </ItemGroup>
  <ItemGroup>
    <Image Include="small.ico">
      <Filter>Resource Files</Filter>
    </Image>
    <Image Include="YipPreview.ico">
      <Filter>Resource Files</Filter>
    </Image>
  </ItemGroup>
</Project>